
Microsoft Visual Studio Solution File, Format Version 12.00
# Visual Studio Version 17
VisualStudioVersion = 17.12.35527.113 d17.12
MinimumVisualStudioVersion = 10.0.40219.1
Project("{FAE04EC0-301F-11D3-BF4B-00C04F79EFBC}") = "Nuoli", "Nuoli.csproj", "{839FF4B6-F2FE-48F5-8F9E-8345B72A4EB2}"
EndProject
Project("{FAE04EC0-301F-11D3-BF4B-00C04F79EFBC}") = "Nuolit", "..\Nuolit\Nuolit.csproj", "{F3950BD7-8D67-4C21-B26C-25627EC4BC24}"
EndProject
Global
	GlobalSection(SolutionConfigurationPlatforms) = preSolution
		Debug|Any CPU = Debug|Any CPU
		Release|Any CPU = Release|Any CPU
	EndGlobalSection
	GlobalSection(ProjectConfigurationPlatforms) = postSolution
		{839FF4B6-F2FE-48F5-8F9E-8345B72A4EB2}.Debug|Any CPU.ActiveCfg = Debug|Any CPU
		{839FF4B6-F2FE-48F5-8F9E-8345B72A4EB2}.Debug|Any CPU.Build.0 = Debug|Any CPU
		{839FF4B6-F2FE-48F5-8F9E-8345B72A4EB2}.Release|Any CPU.ActiveCfg = Release|Any CPU
		{839FF4B6-F2FE-48F5-8F9E-8345B72A4EB2}.Release|Any CPU.Build.0 = Release|Any CPU
		{F3950BD7-8D67-4C21-B26C-25627EC4BC24}.Debug|Any CPU.ActiveCfg = Debug|Any CPU
		{F3950BD7-8D67-4C21-B26C-25627EC4BC24}.Debug|Any CPU.Build.0 = Debug|Any CPU
		{F3950BD7-8D67-4C21-B26C-25627EC4BC24}.Release|Any CPU.ActiveCfg = Release|Any CPU
		{F3950BD7-8D67-4C21-B26C-25627EC4BC24}.Release|Any CPU.Build.0 = Release|Any CPU
	EndGlobalSection
	GlobalSection(SolutionProperties) = preSolution
		HideSolutionNode = FALSE
	EndGlobalSection
EndGlobal
