
Microsoft Visual Studio Solution File, Format Version 12.00
# Visual Studio Version 17
VisualStudioVersion = 17.12.35527.113 d17.12
MinimumVisualStudioVersion = 10.0.40219.1
Project("{FAE04EC0-301F-11D3-BF4B-00C04F79EFBC}") = "Door", "Door.csproj", "{3064CD06-7AA9-4352-85F2-063AA97DDE7B}"
EndProject
Global
	GlobalSection(SolutionConfigurationPlatforms) = preSolution
		Debug|Any CPU = Debug|Any CPU
		Release|Any CPU = Release|Any CPU
	EndGlobalSection
	GlobalSection(ProjectConfigurationPlatforms) = postSolution
		{3064CD06-7AA9-4352-85F2-063AA97DDE7B}.Debug|Any CPU.ActiveCfg = Debug|Any CPU
		{3064CD06-7AA9-4352-85F2-063AA97DDE7B}.Debug|Any CPU.Build.0 = Debug|Any CPU
		{3064CD06-7AA9-4352-85F2-063AA97DDE7B}.Release|Any CPU.ActiveCfg = Release|Any CPU
		{3064CD06-7AA9-4352-85F2-063AA97DDE7B}.Release|Any CPU.Build.0 = Release|Any CPU
	EndGlobalSection
	GlobalSection(SolutionProperties) = preSolution
		HideSolutionNode = FALSE
	EndGlobalSection
EndGlobal
